
Microsoft Visual Studio Solution File, Format Version 11.00
# Visual Studio 2010
Project("{FAE04EC0-301F-11D3-BF4B-00C04F79EFBC}") = "UnityEngine.TestRunner", "UnityEngine.TestRunner.csproj", "{ceeb6782-3f03-5e16-b1ac-6997dc04f95a}"
EndProject
Project("{FAE04EC0-301F-11D3-BF4B-00C04F79EFBC}") = "Unity.VisualScripting.Flow", "Unity.VisualScripting.Flow.csproj", "{39475f12-6056-aeee-e520-bc1b859c1913}"
EndProject
Project("{FAE04EC0-301F-11D3-BF4B-00C04F79EFBC}") = "Unity.Mathematics", "Unity.Mathematics.csproj", "{e72adc34-7f17-a5f0-0d49-b7b85f2c23d6}"
EndProject
Project("{FAE04EC0-301F-11D3-BF4B-00C04F79EFBC}") = "Unity.Services.Core.Telemetry", "Unity.Services.Core.Telemetry.csproj", "{d3fe2700-2fcf-873e-dfea-d75897390c8e}"
EndProject
Project("{FAE04EC0-301F-11D3-BF4B-00C04F79EFBC}") = "Unity.VisualScripting.State", "Unity.VisualScripting.State.csproj", "{1a4e96ca-eb07-01c9-09c5-ee2d87328a55}"
EndProject
Project("{FAE04EC0-301F-11D3-BF4B-00C04F79EFBC}") = "Unity.VisualScripting.Core", "Unity.VisualScripting.Core.csproj", "{ba124f72-ab26-3755-5e30-061ba2cf412c}"
EndProject
Project("{FAE04EC0-301F-11D3-BF4B-00C04F79EFBC}") = "Unity.Services.Core.Environments.Internal", "Unity.Services.Core.Environments.Internal.csproj", "{faa345f1-4c7a-e376-7adf-3fdf0f977a3d}"
EndProject
Project("{FAE04EC0-301F-11D3-BF4B-00C04F79EFBC}") = "Unity.Burst", "Unity.Burst.csproj", "{e7e573eb-03b0-73f0-98ae-a972130b7655}"
EndProject
Project("{FAE04EC0-301F-11D3-BF4B-00C04F79EFBC}") = "Unity.TextMeshPro", "Unity.TextMeshPro.csproj", "{eeabd83f-4e2a-acfa-3062-fa7e2687830f}"
EndProject
Project("{FAE04EC0-301F-11D3-BF4B-00C04F79EFBC}") = "Unity.Timeline", "Unity.Timeline.csproj", "{5c6b8cf6-d20f-057d-09fe-84b9ebe940c9}"
EndProject
Project("{FAE04EC0-301F-11D3-BF4B-00C04F79EFBC}") = "Unity.Services.Core", "Unity.Services.Core.csproj", "{fab5387b-a959-2ce5-d5d1-719076383b66}"
EndProject
Project("{FAE04EC0-301F-11D3-BF4B-00C04F79EFBC}") = "Unity.Services.Core.Environments", "Unity.Services.Core.Environments.csproj", "{0b1e5a50-ef27-8313-a6ab-0479b2b9a52f}"
EndProject
Project("{FAE04EC0-301F-11D3-BF4B-00C04F79EFBC}") = "Unity.Services.Core.Internal", "Unity.Services.Core.Internal.csproj", "{a18a557e-10cd-bd52-f415-edbc56101405}"
EndProject
Project("{FAE04EC0-301F-11D3-BF4B-00C04F79EFBC}") = "Unity.Services.Core.Analytics", "Unity.Services.Core.Analytics.csproj", "{dade9d1a-95ea-7991-90b8-25550bd21db7}"
EndProject
Project("{FAE04EC0-301F-11D3-BF4B-00C04F79EFBC}") = "Unity.Services.Core.Scheduler", "Unity.Services.Core.Scheduler.csproj", "{c3bcf13a-ec90-c55f-3c95-a176ebf060b3}"
EndProject
Project("{FAE04EC0-301F-11D3-BF4B-00C04F79EFBC}") = "Unity.Services.Core.Registration", "Unity.Services.Core.Registration.csproj", "{0732e182-8dd3-0d44-e620-8549be3140c2}"
EndProject
Project("{FAE04EC0-301F-11D3-BF4B-00C04F79EFBC}") = "Unity.Services.Core.Device", "Unity.Services.Core.Device.csproj", "{6d102e42-5580-2612-08b0-5c19cc001067}"
EndProject
Project("{FAE04EC0-301F-11D3-BF4B-00C04F79EFBC}") = "Unity.Services.Core.Threading", "Unity.Services.Core.Threading.csproj", "{b337e626-620a-540a-0a3b-da7df0bcd491}"
EndProject
Project("{FAE04EC0-301F-11D3-BF4B-00C04F79EFBC}") = "Unity.Services.Core.Networking", "Unity.Services.Core.Networking.csproj", "{2ee8e3b4-c2ac-56fc-c947-b7eefce1cd32}"
EndProject
Project("{FAE04EC0-301F-11D3-BF4B-00C04F79EFBC}") = "Unity.Services.Core.Configuration", "Unity.Services.Core.Configuration.csproj", "{5193c0f2-bc40-5c1d-6904-8cf1a731c168}"
EndProject
Project("{FAE04EC0-301F-11D3-BF4B-00C04F79EFBC}") = "Assembly-CSharp", "Assembly-CSharp.csproj", "{782ab1a2-9201-f06d-f001-46322ab5af10}"
EndProject
Project("{FAE04EC0-301F-11D3-BF4B-00C04F79EFBC}") = "Unity.PlasticSCM.Editor", "Unity.PlasticSCM.Editor.csproj", "{b08741b5-52d7-281e-9d0e-85947a6dedd7}"
EndProject
Project("{FAE04EC0-301F-11D3-BF4B-00C04F79EFBC}") = "Unity.VisualScripting.Core.Editor", "Unity.VisualScripting.Core.Editor.csproj", "{89bb37ea-3146-307f-4917-3799dfb85ac1}"
EndProject
Project("{FAE04EC0-301F-11D3-BF4B-00C04F79EFBC}") = "Unity.VisualScripting.Flow.Editor", "Unity.VisualScripting.Flow.Editor.csproj", "{42cccf5a-c923-f48a-c7e3-90e198f99e6a}"
EndProject
Project("{FAE04EC0-301F-11D3-BF4B-00C04F79EFBC}") = "Unity.VisualStudio.Editor", "Unity.VisualStudio.Editor.csproj", "{7d54fb32-e133-5baa-5b9c-49b2b65bb1a8}"
EndProject
Project("{FAE04EC0-301F-11D3-BF4B-00C04F79EFBC}") = "Unity.Timeline.Editor", "Unity.Timeline.Editor.csproj", "{ef3449ef-2736-f029-cf01-440bb5a1bf66}"
EndProject
Project("{FAE04EC0-301F-11D3-BF4B-00C04F79EFBC}") = "Unity.VisualScripting.State.Editor", "Unity.VisualScripting.State.Editor.csproj", "{f9937fd7-7ced-5b3a-5b2c-1e4c2181134e}"
EndProject
Project("{FAE04EC0-301F-11D3-BF4B-00C04F79EFBC}") = "Unity.TextMeshPro.Editor", "Unity.TextMeshPro.Editor.csproj", "{e7206d72-144e-21fa-252f-1a2b15b887e8}"
EndProject
Project("{FAE04EC0-301F-11D3-BF4B-00C04F79EFBC}") = "Unity.VisualScripting.SettingsProvider.Editor", "Unity.VisualScripting.SettingsProvider.Editor.csproj", "{65235be0-655b-dbae-8738-6610d465ff59}"
EndProject
Project("{FAE04EC0-301F-11D3-BF4B-00C04F79EFBC}") = "Unity.CollabProxy.Editor", "Unity.CollabProxy.Editor.csproj", "{2c2482fb-1871-597e-dc5a-b65693bcce2e}"
EndProject
Project("{FAE04EC0-301F-11D3-BF4B-00C04F79EFBC}") = "UnityEditor.TestRunner", "UnityEditor.TestRunner.csproj", "{363cbc5c-e51a-83a3-1ddc-1ecf3b03f657}"
EndProject
Project("{FAE04EC0-301F-11D3-BF4B-00C04F79EFBC}") = "Unity.Services.Core.Editor", "Unity.Services.Core.Editor.csproj", "{423b4d40-ceed-3701-a5bd-51d5255594b7}"
EndProject
Project("{FAE04EC0-301F-11D3-BF4B-00C04F79EFBC}") = "Unity.Rider.Editor", "Unity.Rider.Editor.csproj", "{c2a0a942-5960-e2ad-a964-f257d85ca242}"
EndProject
Project("{FAE04EC0-301F-11D3-BF4B-00C04F79EFBC}") = "Unity.Searcher.Editor", "Unity.Searcher.Editor.csproj", "{ced109b1-5743-7768-35ba-d814438bc843}"
EndProject
Project("{FAE04EC0-301F-11D3-BF4B-00C04F79EFBC}") = "Unity.Burst.CodeGen", "Unity.Burst.CodeGen.csproj", "{2e5e4241-fd93-b32c-808b-452c5af4a4cb}"
EndProject
Project("{FAE04EC0-301F-11D3-BF4B-00C04F79EFBC}") = "Unity.VSCode.Editor", "Unity.VSCode.Editor.csproj", "{f493e072-7b20-3daa-3e17-cbd6d3cbea4c}"
EndProject
Project("{FAE04EC0-301F-11D3-BF4B-00C04F79EFBC}") = "Unity.Mathematics.Editor", "Unity.Mathematics.Editor.csproj", "{b594af34-0a05-1b2e-8716-ee9e52445586}"
EndProject
Project("{FAE04EC0-301F-11D3-BF4B-00C04F79EFBC}") = "Unity.Services.Core.Configuration.Editor", "Unity.Services.Core.Configuration.Editor.csproj", "{953dc335-460a-4d68-9d10-9e51819c199d}"
EndProject
Project("{FAE04EC0-301F-11D3-BF4B-00C04F79EFBC}") = "Unity.Burst.Editor", "Unity.Burst.Editor.csproj", "{b7b03de4-0b74-a522-4a00-7223a50203c3}"
EndProject
Project("{FAE04EC0-301F-11D3-BF4B-00C04F79EFBC}") = "Assembly-CSharp-Editor", "Assembly-CSharp-Editor.csproj", "{a8f59d5d-2dd2-f7d5-e788-943268e19ac6}"
EndProject
Project("{FAE04EC0-301F-11D3-BF4B-00C04F79EFBC}") = "Unity.VisualScripting.Shared.Editor", "Unity.VisualScripting.Shared.Editor.csproj", "{4a18d2b9-da98-02b9-aaec-2cc3a0dd495e}"
EndProject
Project("{FAE04EC0-301F-11D3-BF4B-00C04F79EFBC}") = "UnityEngine.TestRunner", "UnityEngine.TestRunner.Player.csproj", "{ed9c6a36-401a-82bd-2ef7-73c26df41fb0}"
EndProject
Project("{FAE04EC0-301F-11D3-BF4B-00C04F79EFBC}") = "Unity.VisualScripting.Flow", "Unity.VisualScripting.Flow.Player.csproj", "{d00d4feb-87c9-2593-05fc-a0a151ea9123}"
EndProject
Project("{FAE04EC0-301F-11D3-BF4B-00C04F79EFBC}") = "Unity.Mathematics", "Unity.Mathematics.Player.csproj", "{bbbc81e5-0a28-8980-7e9f-a30f344562d1}"
EndProject
Project("{FAE04EC0-301F-11D3-BF4B-00C04F79EFBC}") = "Unity.Services.Core.Telemetry", "Unity.Services.Core.Telemetry.Player.csproj", "{82e094d6-5ed8-21cb-9889-a76c5be694ba}"
EndProject
Project("{FAE04EC0-301F-11D3-BF4B-00C04F79EFBC}") = "Unity.VisualScripting.State", "Unity.VisualScripting.State.Player.csproj", "{8b0d56a2-3f1d-00b2-1626-4178a15d162a}"
EndProject
Project("{FAE04EC0-301F-11D3-BF4B-00C04F79EFBC}") = "Unity.VisualScripting.Core", "Unity.VisualScripting.Core.Player.csproj", "{030b88c8-9e6e-0cc5-dba9-055cb8d7c8bb}"
EndProject
Project("{FAE04EC0-301F-11D3-BF4B-00C04F79EFBC}") = "Unity.Services.Core.Environments.Internal", "Unity.Services.Core.Environments.Internal.Player.csproj", "{b16f75c3-2a2c-6767-2198-033c6f75bf95}"
EndProject
Project("{FAE04EC0-301F-11D3-BF4B-00C04F79EFBC}") = "Unity.Burst", "Unity.Burst.Player.csproj", "{18b7967e-5b85-3ea4-1cb9-46019c8855b9}"
EndProject
Project("{FAE04EC0-301F-11D3-BF4B-00C04F79EFBC}") = "Unity.TextMeshPro", "Unity.TextMeshPro.Player.csproj", "{2116ecb2-2537-9275-4a22-b83203aca080}"
EndProject
Project("{FAE04EC0-301F-11D3-BF4B-00C04F79EFBC}") = "Unity.Timeline", "Unity.Timeline.Player.csproj", "{cf21ef7c-e519-2830-a7f9-a73c9c5fbcfd}"
EndProject
Project("{FAE04EC0-301F-11D3-BF4B-00C04F79EFBC}") = "Unity.Services.Core", "Unity.Services.Core.Player.csproj", "{d0087cf7-23ae-ef90-9f00-6d40b7d3a525}"
EndProject
Project("{FAE04EC0-301F-11D3-BF4B-00C04F79EFBC}") = "Unity.Services.Core.Environments", "Unity.Services.Core.Environments.Player.csproj", "{e50614c9-cea9-cf9a-d3c2-d8c10fbd5c64}"
EndProject
Project("{FAE04EC0-301F-11D3-BF4B-00C04F79EFBC}") = "Unity.Services.Core.Internal", "Unity.Services.Core.Internal.Player.csproj", "{b67f91ed-567a-b6b6-1179-7daa1bd9ef0a}"
EndProject
Project("{FAE04EC0-301F-11D3-BF4B-00C04F79EFBC}") = "Unity.Services.Core.Analytics", "Unity.Services.Core.Analytics.Player.csproj", "{2d17a0dc-f1ed-2af5-14c9-059ac911e65f}"
EndProject
Project("{FAE04EC0-301F-11D3-BF4B-00C04F79EFBC}") = "Unity.Services.Core.Scheduler", "Unity.Services.Core.Scheduler.Player.csproj", "{4effa811-996d-22af-2461-bb639362bfe0}"
EndProject
Project("{FAE04EC0-301F-11D3-BF4B-00C04F79EFBC}") = "Unity.Services.Core.Registration", "Unity.Services.Core.Registration.Player.csproj", "{908f47f7-b164-58e7-9ca9-3e2ac42c87f6}"
EndProject
Project("{FAE04EC0-301F-11D3-BF4B-00C04F79EFBC}") = "Unity.Services.Core.Device", "Unity.Services.Core.Device.Player.csproj", "{3c7c988b-bff7-4575-04cf-41f83ce2e613}"
EndProject
Project("{FAE04EC0-301F-11D3-BF4B-00C04F79EFBC}") = "Unity.Services.Core.Threading", "Unity.Services.Core.Threading.Player.csproj", "{4f9b1c4c-fd1f-5381-0341-518afed6cf1e}"
EndProject
Project("{FAE04EC0-301F-11D3-BF4B-00C04F79EFBC}") = "Unity.Services.Core.Networking", "Unity.Services.Core.Networking.Player.csproj", "{186204f0-cd7d-d76b-4e2f-06180e6cc3d7}"
EndProject
Project("{FAE04EC0-301F-11D3-BF4B-00C04F79EFBC}") = "Unity.Services.Core.Configuration", "Unity.Services.Core.Configuration.Player.csproj", "{89d7cf3a-ad81-5a11-09cd-64fad0bddfac}"
EndProject
Project("{FAE04EC0-301F-11D3-BF4B-00C04F79EFBC}") = "Assembly-CSharp", "Assembly-CSharp.Player.csproj", "{b5296612-e702-02b4-aaa2-133951139d47}"
EndProject
Project("{FAE04EC0-301F-11D3-BF4B-00C04F79EFBC}") = "Unity.Mathematics.Tests", "Unity.Mathematics.Tests.csproj", "{e60ff547-8630-05f7-d58c-d297e0d7e90d}"
EndProject
Project("{FAE04EC0-301F-11D3-BF4B-00C04F79EFBC}") = "Unity.Burst.Tests.UnitTests", "Unity.Burst.Tests.UnitTests.csproj", "{12ebf6fa-5cae-5756-64f3-d00f01154c57}"
EndProject
Project("{FAE04EC0-301F-11D3-BF4B-00C04F79EFBC}") = "Unity.Searcher.EditorTests", "Unity.Searcher.EditorTests.csproj", "{e096e0d7-ee6a-3765-c6ee-d7a57ea96d9a}"
EndProject
Project("{FAE04EC0-301F-11D3-BF4B-00C04F79EFBC}") = "Unity.Burst.Editor.Tests", "Unity.Burst.Editor.Tests.csproj", "{de8dc2a9-9b7d-1dea-e7ee-4ec1c713038b}"
EndProject
Project("{FAE04EC0-301F-11D3-BF4B-00C04F79EFBC}") = "Unity.TextMeshPro.Editor.Tests", "Unity.TextMeshPro.Editor.Tests.csproj", "{fa28a45c-1165-32a7-7db3-41ba16033cfa}"
EndProject
Project("{FAE04EC0-301F-11D3-BF4B-00C04F79EFBC}") = "DocCodeExamples", "DocCodeExamples.csproj", "{60235125-425b-9a64-f49d-aa998aaae380}"
EndProject
Project("{FAE04EC0-301F-11D3-BF4B-00C04F79EFBC}") = "Unity.TextMeshPro.Tests", "Unity.TextMeshPro.Tests.csproj", "{6e295605-6abd-291d-868d-71129c7106be}"
EndProject
Project("{FAE04EC0-301F-11D3-BF4B-00C04F79EFBC}") = "SeparateAssembly", "SeparateAssembly.csproj", "{897e924a-7fa4-d0e0-16e4-70187425bcd8}"
EndProject
Global
	GlobalSection(SolutionConfigurationPlatforms) = preSolution
		Debug|Any CPU = Debug|Any CPU
	EndGlobalSection
	GlobalSection(ProjectConfigurationPlatforms) = postSolution
		{ceeb6782-3f03-5e16-b1ac-6997dc04f95a}.Debug|Any CPU.ActiveCfg = Debug|Any CPU
		{ceeb6782-3f03-5e16-b1ac-6997dc04f95a}.Debug|Any CPU.Build.0 = Debug|Any CPU
		{39475f12-6056-aeee-e520-bc1b859c1913}.Debug|Any CPU.ActiveCfg = Debug|Any CPU
		{39475f12-6056-aeee-e520-bc1b859c1913}.Debug|Any CPU.Build.0 = Debug|Any CPU
		{e72adc34-7f17-a5f0-0d49-b7b85f2c23d6}.Debug|Any CPU.ActiveCfg = Debug|Any CPU
		{e72adc34-7f17-a5f0-0d49-b7b85f2c23d6}.Debug|Any CPU.Build.0 = Debug|Any CPU
		{d3fe2700-2fcf-873e-dfea-d75897390c8e}.Debug|Any CPU.ActiveCfg = Debug|Any CPU
		{d3fe2700-2fcf-873e-dfea-d75897390c8e}.Debug|Any CPU.Build.0 = Debug|Any CPU
		{1a4e96ca-eb07-01c9-09c5-ee2d87328a55}.Debug|Any CPU.ActiveCfg = Debug|Any CPU
		{1a4e96ca-eb07-01c9-09c5-ee2d87328a55}.Debug|Any CPU.Build.0 = Debug|Any CPU
		{ba124f72-ab26-3755-5e30-061ba2cf412c}.Debug|Any CPU.ActiveCfg = Debug|Any CPU
		{ba124f72-ab26-3755-5e30-061ba2cf412c}.Debug|Any CPU.Build.0 = Debug|Any CPU
		{faa345f1-4c7a-e376-7adf-3fdf0f977a3d}.Debug|Any CPU.ActiveCfg = Debug|Any CPU
		{faa345f1-4c7a-e376-7adf-3fdf0f977a3d}.Debug|Any CPU.Build.0 = Debug|Any CPU
		{e7e573eb-03b0-73f0-98ae-a972130b7655}.Debug|Any CPU.ActiveCfg = Debug|Any CPU
		{e7e573eb-03b0-73f0-98ae-a972130b7655}.Debug|Any CPU.Build.0 = Debug|Any CPU
		{eeabd83f-4e2a-acfa-3062-fa7e2687830f}.Debug|Any CPU.ActiveCfg = Debug|Any CPU
		{eeabd83f-4e2a-acfa-3062-fa7e2687830f}.Debug|Any CPU.Build.0 = Debug|Any CPU
		{5c6b8cf6-d20f-057d-09fe-84b9ebe940c9}.Debug|Any CPU.ActiveCfg = Debug|Any CPU
		{5c6b8cf6-d20f-057d-09fe-84b9ebe940c9}.Debug|Any CPU.Build.0 = Debug|Any CPU
		{fab5387b-a959-2ce5-d5d1-719076383b66}.Debug|Any CPU.ActiveCfg = Debug|Any CPU
		{fab5387b-a959-2ce5-d5d1-719076383b66}.Debug|Any CPU.Build.0 = Debug|Any CPU
		{0b1e5a50-ef27-8313-a6ab-0479b2b9a52f}.Debug|Any CPU.ActiveCfg = Debug|Any CPU
		{0b1e5a50-ef27-8313-a6ab-0479b2b9a52f}.Debug|Any CPU.Build.0 = Debug|Any CPU
		{a18a557e-10cd-bd52-f415-edbc56101405}.Debug|Any CPU.ActiveCfg = Debug|Any CPU
		{a18a557e-10cd-bd52-f415-edbc56101405}.Debug|Any CPU.Build.0 = Debug|Any CPU
		{dade9d1a-95ea-7991-90b8-25550bd21db7}.Debug|Any CPU.ActiveCfg = Debug|Any CPU
		{dade9d1a-95ea-7991-90b8-25550bd21db7}.Debug|Any CPU.Build.0 = Debug|Any CPU
		{c3bcf13a-ec90-c55f-3c95-a176ebf060b3}.Debug|Any CPU.ActiveCfg = Debug|Any CPU
		{c3bcf13a-ec90-c55f-3c95-a176ebf060b3}.Debug|Any CPU.Build.0 = Debug|Any CPU
		{0732e182-8dd3-0d44-e620-8549be3140c2}.Debug|Any CPU.ActiveCfg = Debug|Any CPU
		{0732e182-8dd3-0d44-e620-8549be3140c2}.Debug|Any CPU.Build.0 = Debug|Any CPU
		{6d102e42-5580-2612-08b0-5c19cc001067}.Debug|Any CPU.ActiveCfg = Debug|Any CPU
		{6d102e42-5580-2612-08b0-5c19cc001067}.Debug|Any CPU.Build.0 = Debug|Any CPU
		{b337e626-620a-540a-0a3b-da7df0bcd491}.Debug|Any CPU.ActiveCfg = Debug|Any CPU
		{b337e626-620a-540a-0a3b-da7df0bcd491}.Debug|Any CPU.Build.0 = Debug|Any CPU
		{2ee8e3b4-c2ac-56fc-c947-b7eefce1cd32}.Debug|Any CPU.ActiveCfg = Debug|Any CPU
		{2ee8e3b4-c2ac-56fc-c947-b7eefce1cd32}.Debug|Any CPU.Build.0 = Debug|Any CPU
		{5193c0f2-bc40-5c1d-6904-8cf1a731c168}.Debug|Any CPU.ActiveCfg = Debug|Any CPU
		{5193c0f2-bc40-5c1d-6904-8cf1a731c168}.Debug|Any CPU.Build.0 = Debug|Any CPU
		{782ab1a2-9201-f06d-f001-46322ab5af10}.Debug|Any CPU.ActiveCfg = Debug|Any CPU
		{782ab1a2-9201-f06d-f001-46322ab5af10}.Debug|Any CPU.Build.0 = Debug|Any CPU
		{b08741b5-52d7-281e-9d0e-85947a6dedd7}.Debug|Any CPU.ActiveCfg = Debug|Any CPU
		{b08741b5-52d7-281e-9d0e-85947a6dedd7}.Debug|Any CPU.Build.0 = Debug|Any CPU
		{89bb37ea-3146-307f-4917-3799dfb85ac1}.Debug|Any CPU.ActiveCfg = Debug|Any CPU
		{89bb37ea-3146-307f-4917-3799dfb85ac1}.Debug|Any CPU.Build.0 = Debug|Any CPU
		{42cccf5a-c923-f48a-c7e3-90e198f99e6a}.Debug|Any CPU.ActiveCfg = Debug|Any CPU
		{42cccf5a-c923-f48a-c7e3-90e198f99e6a}.Debug|Any CPU.Build.0 = Debug|Any CPU
		{7d54fb32-e133-5baa-5b9c-49b2b65bb1a8}.Debug|Any CPU.ActiveCfg = Debug|Any CPU
		{7d54fb32-e133-5baa-5b9c-49b2b65bb1a8}.Debug|Any CPU.Build.0 = Debug|Any CPU
		{ef3449ef-2736-f029-cf01-440bb5a1bf66}.Debug|Any CPU.ActiveCfg = Debug|Any CPU
		{ef3449ef-2736-f029-cf01-440bb5a1bf66}.Debug|Any CPU.Build.0 = Debug|Any CPU
		{f9937fd7-7ced-5b3a-5b2c-1e4c2181134e}.Debug|Any CPU.ActiveCfg = Debug|Any CPU
		{f9937fd7-7ced-5b3a-5b2c-1e4c2181134e}.Debug|Any CPU.Build.0 = Debug|Any CPU
		{e7206d72-144e-21fa-252f-1a2b15b887e8}.Debug|Any CPU.ActiveCfg = Debug|Any CPU
		{e7206d72-144e-21fa-252f-1a2b15b887e8}.Debug|Any CPU.Build.0 = Debug|Any CPU
		{65235be0-655b-dbae-8738-6610d465ff59}.Debug|Any CPU.ActiveCfg = Debug|Any CPU
		{65235be0-655b-dbae-8738-6610d465ff59}.Debug|Any CPU.Build.0 = Debug|Any CPU
		{2c2482fb-1871-597e-dc5a-b65693bcce2e}.Debug|Any CPU.ActiveCfg = Debug|Any CPU
		{2c2482fb-1871-597e-dc5a-b65693bcce2e}.Debug|Any CPU.Build.0 = Debug|Any CPU
		{363cbc5c-e51a-83a3-1ddc-1ecf3b03f657}.Debug|Any CPU.ActiveCfg = Debug|Any CPU
		{363cbc5c-e51a-83a3-1ddc-1ecf3b03f657}.Debug|Any CPU.Build.0 = Debug|Any CPU
		{423b4d40-ceed-3701-a5bd-51d5255594b7}.Debug|Any CPU.ActiveCfg = Debug|Any CPU
		{423b4d40-ceed-3701-a5bd-51d5255594b7}.Debug|Any CPU.Build.0 = Debug|Any CPU
		{c2a0a942-5960-e2ad-a964-f257d85ca242}.Debug|Any CPU.ActiveCfg = Debug|Any CPU
		{c2a0a942-5960-e2ad-a964-f257d85ca242}.Debug|Any CPU.Build.0 = Debug|Any CPU
		{ced109b1-5743-7768-35ba-d814438bc843}.Debug|Any CPU.ActiveCfg = Debug|Any CPU
		{ced109b1-5743-7768-35ba-d814438bc843}.Debug|Any CPU.Build.0 = Debug|Any CPU
		{2e5e4241-fd93-b32c-808b-452c5af4a4cb}.Debug|Any CPU.ActiveCfg = Debug|Any CPU
		{2e5e4241-fd93-b32c-808b-452c5af4a4cb}.Debug|Any CPU.Build.0 = Debug|Any CPU
		{f493e072-7b20-3daa-3e17-cbd6d3cbea4c}.Debug|Any CPU.ActiveCfg = Debug|Any CPU
		{f493e072-7b20-3daa-3e17-cbd6d3cbea4c}.Debug|Any CPU.Build.0 = Debug|Any CPU
		{b594af34-0a05-1b2e-8716-ee9e52445586}.Debug|Any CPU.ActiveCfg = Debug|Any CPU
		{b594af34-0a05-1b2e-8716-ee9e52445586}.Debug|Any CPU.Build.0 = Debug|Any CPU
		{953dc335-460a-4d68-9d10-9e51819c199d}.Debug|Any CPU.ActiveCfg = Debug|Any CPU
		{953dc335-460a-4d68-9d10-9e51819c199d}.Debug|Any CPU.Build.0 = Debug|Any CPU
		{b7b03de4-0b74-a522-4a00-7223a50203c3}.Debug|Any CPU.ActiveCfg = Debug|Any CPU
		{b7b03de4-0b74-a522-4a00-7223a50203c3}.Debug|Any CPU.Build.0 = Debug|Any CPU
		{a8f59d5d-2dd2-f7d5-e788-943268e19ac6}.Debug|Any CPU.ActiveCfg = Debug|Any CPU
		{a8f59d5d-2dd2-f7d5-e788-943268e19ac6}.Debug|Any CPU.Build.0 = Debug|Any CPU
		{4a18d2b9-da98-02b9-aaec-2cc3a0dd495e}.Debug|Any CPU.ActiveCfg = Debug|Any CPU
		{4a18d2b9-da98-02b9-aaec-2cc3a0dd495e}.Debug|Any CPU.Build.0 = Debug|Any CPU
		{ed9c6a36-401a-82bd-2ef7-73c26df41fb0}.Debug|Any CPU.ActiveCfg = Debug|Any CPU
		{ed9c6a36-401a-82bd-2ef7-73c26df41fb0}.Debug|Any CPU.Build.0 = Debug|Any CPU
		{d00d4feb-87c9-2593-05fc-a0a151ea9123}.Debug|Any CPU.ActiveCfg = Debug|Any CPU
		{d00d4feb-87c9-2593-05fc-a0a151ea9123}.Debug|Any CPU.Build.0 = Debug|Any CPU
		{bbbc81e5-0a28-8980-7e9f-a30f344562d1}.Debug|Any CPU.ActiveCfg = Debug|Any CPU
		{bbbc81e5-0a28-8980-7e9f-a30f344562d1}.Debug|Any CPU.Build.0 = Debug|Any CPU
		{82e094d6-5ed8-21cb-9889-a76c5be694ba}.Debug|Any CPU.ActiveCfg = Debug|Any CPU
		{82e094d6-5ed8-21cb-9889-a76c5be694ba}.Debug|Any CPU.Build.0 = Debug|Any CPU
		{8b0d56a2-3f1d-00b2-1626-4178a15d162a}.Debug|Any CPU.ActiveCfg = Debug|Any CPU
		{8b0d56a2-3f1d-00b2-1626-4178a15d162a}.Debug|Any CPU.Build.0 = Debug|Any CPU
		{030b88c8-9e6e-0cc5-dba9-055cb8d7c8bb}.Debug|Any CPU.ActiveCfg = Debug|Any CPU
		{030b88c8-9e6e-0cc5-dba9-055cb8d7c8bb}.Debug|Any CPU.Build.0 = Debug|Any CPU
		{b16f75c3-2a2c-6767-2198-033c6f75bf95}.Debug|Any CPU.ActiveCfg = Debug|Any CPU
		{b16f75c3-2a2c-6767-2198-033c6f75bf95}.Debug|Any CPU.Build.0 = Debug|Any CPU
		{18b7967e-5b85-3ea4-1cb9-46019c8855b9}.Debug|Any CPU.ActiveCfg = Debug|Any CPU
		{18b7967e-5b85-3ea4-1cb9-46019c8855b9}.Debug|Any CPU.Build.0 = Debug|Any CPU
		{2116ecb2-2537-9275-4a22-b83203aca080}.Debug|Any CPU.ActiveCfg = Debug|Any CPU
		{2116ecb2-2537-9275-4a22-b83203aca080}.Debug|Any CPU.Build.0 = Debug|Any CPU
		{cf21ef7c-e519-2830-a7f9-a73c9c5fbcfd}.Debug|Any CPU.ActiveCfg = Debug|Any CPU
		{cf21ef7c-e519-2830-a7f9-a73c9c5fbcfd}.Debug|Any CPU.Build.0 = Debug|Any CPU
		{d0087cf7-23ae-ef90-9f00-6d40b7d3a525}.Debug|Any CPU.ActiveCfg = Debug|Any CPU
		{d0087cf7-23ae-ef90-9f00-6d40b7d3a525}.Debug|Any CPU.Build.0 = Debug|Any CPU
		{e50614c9-cea9-cf9a-d3c2-d8c10fbd5c64}.Debug|Any CPU.ActiveCfg = Debug|Any CPU
		{e50614c9-cea9-cf9a-d3c2-d8c10fbd5c64}.Debug|Any CPU.Build.0 = Debug|Any CPU
		{b67f91ed-567a-b6b6-1179-7daa1bd9ef0a}.Debug|Any CPU.ActiveCfg = Debug|Any CPU
		{b67f91ed-567a-b6b6-1179-7daa1bd9ef0a}.Debug|Any CPU.Build.0 = Debug|Any CPU
		{2d17a0dc-f1ed-2af5-14c9-059ac911e65f}.Debug|Any CPU.ActiveCfg = Debug|Any CPU
		{2d17a0dc-f1ed-2af5-14c9-059ac911e65f}.Debug|Any CPU.Build.0 = Debug|Any CPU
		{4effa811-996d-22af-2461-bb639362bfe0}.Debug|Any CPU.ActiveCfg = Debug|Any CPU
		{4effa811-996d-22af-2461-bb639362bfe0}.Debug|Any CPU.Build.0 = Debug|Any CPU
		{908f47f7-b164-58e7-9ca9-3e2ac42c87f6}.Debug|Any CPU.ActiveCfg = Debug|Any CPU
		{908f47f7-b164-58e7-9ca9-3e2ac42c87f6}.Debug|Any CPU.Build.0 = Debug|Any CPU
		{3c7c988b-bff7-4575-04cf-41f83ce2e613}.Debug|Any CPU.ActiveCfg = Debug|Any CPU
		{3c7c988b-bff7-4575-04cf-41f83ce2e613}.Debug|Any CPU.Build.0 = Debug|Any CPU
		{4f9b1c4c-fd1f-5381-0341-518afed6cf1e}.Debug|Any CPU.ActiveCfg = Debug|Any CPU
		{4f9b1c4c-fd1f-5381-0341-518afed6cf1e}.Debug|Any CPU.Build.0 = Debug|Any CPU
		{186204f0-cd7d-d76b-4e2f-06180e6cc3d7}.Debug|Any CPU.ActiveCfg = Debug|Any CPU
		{186204f0-cd7d-d76b-4e2f-06180e6cc3d7}.Debug|Any CPU.Build.0 = Debug|Any CPU
		{89d7cf3a-ad81-5a11-09cd-64fad0bddfac}.Debug|Any CPU.ActiveCfg = Debug|Any CPU
		{89d7cf3a-ad81-5a11-09cd-64fad0bddfac}.Debug|Any CPU.Build.0 = Debug|Any CPU
		{b5296612-e702-02b4-aaa2-133951139d47}.Debug|Any CPU.ActiveCfg = Debug|Any CPU
		{b5296612-e702-02b4-aaa2-133951139d47}.Debug|Any CPU.Build.0 = Debug|Any CPU
		{e60ff547-8630-05f7-d58c-d297e0d7e90d}.Debug|Any CPU.ActiveCfg = Debug|Any CPU
		{e60ff547-8630-05f7-d58c-d297e0d7e90d}.Debug|Any CPU.Build.0 = Debug|Any CPU
		{12ebf6fa-5cae-5756-64f3-d00f01154c57}.Debug|Any CPU.ActiveCfg = Debug|Any CPU
		{12ebf6fa-5cae-5756-64f3-d00f01154c57}.Debug|Any CPU.Build.0 = Debug|Any CPU
		{e096e0d7-ee6a-3765-c6ee-d7a57ea96d9a}.Debug|Any CPU.ActiveCfg = Debug|Any CPU
		{e096e0d7-ee6a-3765-c6ee-d7a57ea96d9a}.Debug|Any CPU.Build.0 = Debug|Any CPU
		{de8dc2a9-9b7d-1dea-e7ee-4ec1c713038b}.Debug|Any CPU.ActiveCfg = Debug|Any CPU
		{de8dc2a9-9b7d-1dea-e7ee-4ec1c713038b}.Debug|Any CPU.Build.0 = Debug|Any CPU
		{fa28a45c-1165-32a7-7db3-41ba16033cfa}.Debug|Any CPU.ActiveCfg = Debug|Any CPU
		{fa28a45c-1165-32a7-7db3-41ba16033cfa}.Debug|Any CPU.Build.0 = Debug|Any CPU
		{60235125-425b-9a64-f49d-aa998aaae380}.Debug|Any CPU.ActiveCfg = Debug|Any CPU
		{60235125-425b-9a64-f49d-aa998aaae380}.Debug|Any CPU.Build.0 = Debug|Any CPU
		{6e295605-6abd-291d-868d-71129c7106be}.Debug|Any CPU.ActiveCfg = Debug|Any CPU
		{6e295605-6abd-291d-868d-71129c7106be}.Debug|Any CPU.Build.0 = Debug|Any CPU
		{897e924a-7fa4-d0e0-16e4-70187425bcd8}.Debug|Any CPU.ActiveCfg = Debug|Any CPU
		{897e924a-7fa4-d0e0-16e4-70187425bcd8}.Debug|Any CPU.Build.0 = Debug|Any CPU
	EndGlobalSection
	GlobalSection(SolutionProperties) = preSolution
		HideSolutionNode = FALSE
	EndGlobalSection
EndGlobal
