
Microsoft Visual Studio Solution File, Format Version 11.00
# Visual Studio 2010
Project("{FAE04EC0-301F-11D3-BF4B-00C04F79EFBC}") = "Unity.RenderPipelines.GPUDriven.Runtime", "Unity.RenderPipelines.GPUDriven.Runtime.csproj", "{eca7f331-3ed9-3b80-5e11-dcd5f60a3b28}"
EndProject
Project("{FAE04EC0-301F-11D3-BF4B-00C04F79EFBC}") = "Unity.RenderPipelines.Core.Runtime", "Unity.RenderPipelines.Core.Runtime.csproj", "{5a822ade-bd60-bdc2-b0ee-e1153ca7b629}"
EndProject
Project("{FAE04EC0-301F-11D3-BF4B-00C04F79EFBC}") = "Unity.RenderPipelines.Core.Editor", "Unity.RenderPipelines.Core.Editor.csproj", "{b3a1e584-41f5-6233-462b-9f3163ffa7b1}"
EndProject
Project("{FAE04EC0-301F-11D3-BF4B-00C04F79EFBC}") = "Unity.RenderPipelines.Core.Editor.Tests", "Unity.RenderPipelines.Core.Editor.Tests.csproj", "{3d9630c6-7a6d-fcce-c5b0-7d00628f04b8}"
EndProject
Project("{FAE04EC0-301F-11D3-BF4B-00C04F79EFBC}") = "Unity.RenderPipelines.Universal.2D.Runtime", "Unity.RenderPipelines.Universal.2D.Runtime.csproj", "{8da2a862-a617-bef5-7d2b-c06d7cf268c6}"
EndProject
Project("{FAE04EC0-301F-11D3-BF4B-00C04F79EFBC}") = "Unity.RenderPipelines.Universal.Editor", "Unity.RenderPipelines.Universal.Editor.csproj", "{e97da56a-8c38-8490-fae6-a758eaf38acd}"
EndProject
Project("{FAE04EC0-301F-11D3-BF4B-00C04F79EFBC}") = "PPv2URPConverters", "PPv2URPConverters.csproj", "{40b45227-bd36-2436-4006-e44db5d3624c}"
EndProject
Project("{FAE04EC0-301F-11D3-BF4B-00C04F79EFBC}") = "Unity.RenderPipelines.Core.Runtime.Tests", "Unity.RenderPipelines.Core.Runtime.Tests.csproj", "{6e3d89ac-d7bc-feaf-a7c5-f521745196d0}"
EndProject
Project("{FAE04EC0-301F-11D3-BF4B-00C04F79EFBC}") = "Unity.RenderPipelines.Universal.Runtime", "Unity.RenderPipelines.Universal.Runtime.csproj", "{133bf1c4-f55f-65f2-64b1-0e6ebbe3347d}"
EndProject
Project("{FAE04EC0-301F-11D3-BF4B-00C04F79EFBC}") = "Assembly-CSharp", "Assembly-CSharp.csproj", "{782ab1a2-9201-f06d-f001-46322ab5af10}"
EndProject
Project("{FAE04EC0-301F-11D3-BF4B-00C04F79EFBC}") = "Unity.RenderPipelines.Universal.Editor.Tests", "Unity.RenderPipelines.Universal.Editor.Tests.csproj", "{480ee433-f9a0-c02f-9823-e4b0ceb35dc5}"
EndProject
Project("{FAE04EC0-301F-11D3-BF4B-00C04F79EFBC}") = "Assembly-CSharp-Editor", "Assembly-CSharp-Editor.csproj", "{a8f59d5d-2dd2-f7d5-e788-943268e19ac6}"
EndProject
Project("{FAE04EC0-301F-11D3-BF4B-00C04F79EFBC}") = "Unity.RenderPipelines.Universal.Runtime.Tests", "Unity.RenderPipelines.Universal.Runtime.Tests.csproj", "{7bb289a2-c803-e905-a404-72763e7403fd}"
EndProject
Project("{FAE04EC0-301F-11D3-BF4B-00C04F79EFBC}") = "Unity.RenderPipeline.Universal.ShaderLibrary", "Unity.RenderPipeline.Universal.ShaderLibrary.csproj", "{0bbe9eb5-ba17-690c-80b1-8fc8793f8a47}"
EndProject
Project("{FAE04EC0-301F-11D3-BF4B-00C04F79EFBC}") = "Unity.RenderPipelines.Universal.Shaders", "Unity.RenderPipelines.Universal.Shaders.csproj", "{77a5e577-8bd3-6c3c-ddcd-e392f1320127}"
EndProject
Project("{FAE04EC0-301F-11D3-BF4B-00C04F79EFBC}") = "Unity.RenderPipelines.Core.Runtime.Shared", "Unity.RenderPipelines.Core.Runtime.Shared.csproj", "{b2a58126-3b38-ca9a-d104-f7d3f030e500}"
EndProject
Project("{FAE04EC0-301F-11D3-BF4B-00C04F79EFBC}") = "Unity.RenderPipelines.Universal.Config.Editor.Tests", "Unity.RenderPipelines.Universal.Config.Editor.Tests.csproj", "{11e6aa27-e02f-fd42-e373-304b30c339ae}"
EndProject
Project("{FAE04EC0-301F-11D3-BF4B-00C04F79EFBC}") = "Unity.RenderPipelines.Universal.Config.Runtime", "Unity.RenderPipelines.Universal.Config.Runtime.csproj", "{e2f1dc82-6185-d211-69e5-10d50f78697b}"
EndProject
Project("{FAE04EC0-301F-11D3-BF4B-00C04F79EFBC}") = "Unity.RenderPipelines.Core.ShaderLibrary", "Unity.RenderPipelines.Core.ShaderLibrary.csproj", "{52caa9c0-6002-15b9-851c-5097f0de863c}"
EndProject
Project("{FAE04EC0-301F-11D3-BF4B-00C04F79EFBC}") = "Unity.RenderPipelines.Core.Editor.Shared", "Unity.RenderPipelines.Core.Editor.Shared.csproj", "{9d9ff7b3-4aa3-289d-ed37-9003222af88c}"
EndProject
Global
	GlobalSection(SolutionConfigurationPlatforms) = preSolution
		Debug|Any CPU = Debug|Any CPU
	EndGlobalSection
	GlobalSection(ProjectConfigurationPlatforms) = postSolution
		{eca7f331-3ed9-3b80-5e11-dcd5f60a3b28}.Debug|Any CPU.ActiveCfg = Debug|Any CPU
		{eca7f331-3ed9-3b80-5e11-dcd5f60a3b28}.Debug|Any CPU.Build.0 = Debug|Any CPU
		{5a822ade-bd60-bdc2-b0ee-e1153ca7b629}.Debug|Any CPU.ActiveCfg = Debug|Any CPU
		{5a822ade-bd60-bdc2-b0ee-e1153ca7b629}.Debug|Any CPU.Build.0 = Debug|Any CPU
		{b3a1e584-41f5-6233-462b-9f3163ffa7b1}.Debug|Any CPU.ActiveCfg = Debug|Any CPU
		{b3a1e584-41f5-6233-462b-9f3163ffa7b1}.Debug|Any CPU.Build.0 = Debug|Any CPU
		{3d9630c6-7a6d-fcce-c5b0-7d00628f04b8}.Debug|Any CPU.ActiveCfg = Debug|Any CPU
		{3d9630c6-7a6d-fcce-c5b0-7d00628f04b8}.Debug|Any CPU.Build.0 = Debug|Any CPU
		{8da2a862-a617-bef5-7d2b-c06d7cf268c6}.Debug|Any CPU.ActiveCfg = Debug|Any CPU
		{8da2a862-a617-bef5-7d2b-c06d7cf268c6}.Debug|Any CPU.Build.0 = Debug|Any CPU
		{e97da56a-8c38-8490-fae6-a758eaf38acd}.Debug|Any CPU.ActiveCfg = Debug|Any CPU
		{e97da56a-8c38-8490-fae6-a758eaf38acd}.Debug|Any CPU.Build.0 = Debug|Any CPU
		{40b45227-bd36-2436-4006-e44db5d3624c}.Debug|Any CPU.ActiveCfg = Debug|Any CPU
		{40b45227-bd36-2436-4006-e44db5d3624c}.Debug|Any CPU.Build.0 = Debug|Any CPU
		{6e3d89ac-d7bc-feaf-a7c5-f521745196d0}.Debug|Any CPU.ActiveCfg = Debug|Any CPU
		{6e3d89ac-d7bc-feaf-a7c5-f521745196d0}.Debug|Any CPU.Build.0 = Debug|Any CPU
		{133bf1c4-f55f-65f2-64b1-0e6ebbe3347d}.Debug|Any CPU.ActiveCfg = Debug|Any CPU
		{133bf1c4-f55f-65f2-64b1-0e6ebbe3347d}.Debug|Any CPU.Build.0 = Debug|Any CPU
		{782ab1a2-9201-f06d-f001-46322ab5af10}.Debug|Any CPU.ActiveCfg = Debug|Any CPU
		{782ab1a2-9201-f06d-f001-46322ab5af10}.Debug|Any CPU.Build.0 = Debug|Any CPU
		{480ee433-f9a0-c02f-9823-e4b0ceb35dc5}.Debug|Any CPU.ActiveCfg = Debug|Any CPU
		{480ee433-f9a0-c02f-9823-e4b0ceb35dc5}.Debug|Any CPU.Build.0 = Debug|Any CPU
		{a8f59d5d-2dd2-f7d5-e788-943268e19ac6}.Debug|Any CPU.ActiveCfg = Debug|Any CPU
		{a8f59d5d-2dd2-f7d5-e788-943268e19ac6}.Debug|Any CPU.Build.0 = Debug|Any CPU
		{7bb289a2-c803-e905-a404-72763e7403fd}.Debug|Any CPU.ActiveCfg = Debug|Any CPU
		{7bb289a2-c803-e905-a404-72763e7403fd}.Debug|Any CPU.Build.0 = Debug|Any CPU
		{0bbe9eb5-ba17-690c-80b1-8fc8793f8a47}.Debug|Any CPU.ActiveCfg = Debug|Any CPU
		{0bbe9eb5-ba17-690c-80b1-8fc8793f8a47}.Debug|Any CPU.Build.0 = Debug|Any CPU
		{77a5e577-8bd3-6c3c-ddcd-e392f1320127}.Debug|Any CPU.ActiveCfg = Debug|Any CPU
		{77a5e577-8bd3-6c3c-ddcd-e392f1320127}.Debug|Any CPU.Build.0 = Debug|Any CPU
		{b2a58126-3b38-ca9a-d104-f7d3f030e500}.Debug|Any CPU.ActiveCfg = Debug|Any CPU
		{b2a58126-3b38-ca9a-d104-f7d3f030e500}.Debug|Any CPU.Build.0 = Debug|Any CPU
		{11e6aa27-e02f-fd42-e373-304b30c339ae}.Debug|Any CPU.ActiveCfg = Debug|Any CPU
		{11e6aa27-e02f-fd42-e373-304b30c339ae}.Debug|Any CPU.Build.0 = Debug|Any CPU
		{e2f1dc82-6185-d211-69e5-10d50f78697b}.Debug|Any CPU.ActiveCfg = Debug|Any CPU
		{e2f1dc82-6185-d211-69e5-10d50f78697b}.Debug|Any CPU.Build.0 = Debug|Any CPU
		{52caa9c0-6002-15b9-851c-5097f0de863c}.Debug|Any CPU.ActiveCfg = Debug|Any CPU
		{52caa9c0-6002-15b9-851c-5097f0de863c}.Debug|Any CPU.Build.0 = Debug|Any CPU
		{9d9ff7b3-4aa3-289d-ed37-9003222af88c}.Debug|Any CPU.ActiveCfg = Debug|Any CPU
		{9d9ff7b3-4aa3-289d-ed37-9003222af88c}.Debug|Any CPU.Build.0 = Debug|Any CPU
	EndGlobalSection
	GlobalSection(SolutionProperties) = preSolution
		HideSolutionNode = FALSE
	EndGlobalSection
EndGlobal
